
Microsoft Visual Studio Solution File, Format Version 12.00
# Visual Studio 14
VisualStudioVersion = 14.0.25420.1
MinimumVisualStudioVersion = 10.0.40219.1
Project("{FAE04EC0-301F-11D3-BF4B-00C04F79EFBC}") = "HapticGloveServer", "HapticGloveServer\HapticGloveServer.csproj", "{C17C5AA9-A832-4DFC-A14C-E93EA27392D2}"
EndProject
Project("{2150E333-8FDC-42A3-9474-1A3956D46DE8}") = "Docs", "Docs", "{3E082A38-C6FC-48D1-989F-02CBFA12FDA1}"
	ProjectSection(SolutionItems) = preProject
		README.md = README.md
	EndProjectSection
EndProject
Global
	GlobalSection(SolutionConfigurationPlatforms) = preSolution
		Debug|x64 = Debug|x64
		Release|x64 = Release|x64
	EndGlobalSection
	GlobalSection(ProjectConfigurationPlatforms) = postSolution
		{C17C5AA9-A832-4DFC-A14C-E93EA27392D2}.Debug|x64.ActiveCfg = Debug|x64
		{C17C5AA9-A832-4DFC-A14C-E93EA27392D2}.Debug|x64.Build.0 = Debug|x64
		{C17C5AA9-A832-4DFC-A14C-E93EA27392D2}.Debug|x64.Deploy.0 = Debug|x64
		{C17C5AA9-A832-4DFC-A14C-E93EA27392D2}.Release|x64.ActiveCfg = Release|x64
		{C17C5AA9-A832-4DFC-A14C-E93EA27392D2}.Release|x64.Build.0 = Release|x64
		{C17C5AA9-A832-4DFC-A14C-E93EA27392D2}.Release|x64.Deploy.0 = Release|x64
	EndGlobalSection
	GlobalSection(SolutionProperties) = preSolution
		HideSolutionNode = FALSE
	EndGlobalSection
EndGlobal
