
Microsoft Visual Studio Solution File, Format Version 12.00
# Visual Studio 2015
Project("{FAE04EC0-301F-11D3-BF4B-00C04F79EFBC}") = "VRTKandIK.CSharp", "VRTKandIK.CSharp.csproj", "{293B813E-1091-4FD9-8B5B-F0F9059046E9}"
EndProject
Project("{FAE04EC0-301F-11D3-BF4B-00C04F79EFBC}") = "VRTKandIK.CSharp.Editor", "VRTKandIK.CSharp.Editor.csproj", "{2AB832D4-7548-14C3-F906-C99378349D64}"
EndProject
Global
	GlobalSection(SolutionConfigurationPlatforms) = preSolution
		Debug|Any CPU = Debug|Any CPU
		Release|Any CPU = Release|Any CPU
	EndGlobalSection
	GlobalSection(ProjectConfigurationPlatforms) = postSolution
		{293B813E-1091-4FD9-8B5B-F0F9059046E9}.Debug|Any CPU.ActiveCfg = Debug|Any CPU
		{293B813E-1091-4FD9-8B5B-F0F9059046E9}.Debug|Any CPU.Build.0 = Debug|Any CPU
		{293B813E-1091-4FD9-8B5B-F0F9059046E9}.Release|Any CPU.ActiveCfg = Release|Any CPU
		{293B813E-1091-4FD9-8B5B-F0F9059046E9}.Release|Any CPU.Build.0 = Release|Any CPU
		{2AB832D4-7548-14C3-F906-C99378349D64}.Debug|Any CPU.ActiveCfg = Debug|Any CPU
		{2AB832D4-7548-14C3-F906-C99378349D64}.Debug|Any CPU.Build.0 = Debug|Any CPU
		{2AB832D4-7548-14C3-F906-C99378349D64}.Release|Any CPU.ActiveCfg = Release|Any CPU
		{2AB832D4-7548-14C3-F906-C99378349D64}.Release|Any CPU.Build.0 = Release|Any CPU
	EndGlobalSection
	GlobalSection(SolutionProperties) = preSolution
		HideSolutionNode = FALSE
	EndGlobalSection
EndGlobal
